
Microsoft Visual Studio Solution File, Format Version 12.00
# Visual Studio Version 17
VisualStudioVersion = 17.3.32929.385
MinimumVisualStudioVersion = 10.0.40219.1
Project("{FAE04EC0-301F-11D3-BF4B-00C04F79EFBC}") = "GestionStock", "GestionStock.csproj", "{0726AACD-D5EA-472C-B6B6-1A30CA711944}"
EndProject
Global
	GlobalSection(SolutionConfigurationPlatforms) = preSolution
		Debug|Any CPU = Debug|Any CPU
		Release|Any CPU = Release|Any CPU
	EndGlobalSection
	GlobalSection(ProjectConfigurationPlatforms) = postSolution
		{0726AACD-D5EA-472C-B6B6-1A30CA711944}.Debug|Any CPU.ActiveCfg = Debug|Any CPU
		{0726AACD-D5EA-472C-B6B6-1A30CA711944}.Debug|Any CPU.Build.0 = Debug|Any CPU
		{0726AACD-D5EA-472C-B6B6-1A30CA711944}.Release|Any CPU.ActiveCfg = Release|Any CPU
		{0726AACD-D5EA-472C-B6B6-1A30CA711944}.Release|Any CPU.Build.0 = Release|Any CPU
	EndGlobalSection
	GlobalSection(SolutionProperties) = preSolution
		HideSolutionNode = FALSE
	EndGlobalSection
	GlobalSection(ExtensibilityGlobals) = postSolution
		SolutionGuid = {51E0B96C-DA8F-4342-AF18-72A2B6A78265}
	EndGlobalSection
EndGlobal
